
Microsoft Visual Studio Solution File, Format Version 12.00
# Visual Studio 15
VisualStudioVersion = 15.0.28307.271
MinimumVisualStudioVersion = 10.0.40219.1
Project("{9A19103F-16F7-4668-BE54-9A1E7A4F7556}") = "Elections.App", "Elections.App\Elections.App.csproj", "{D38BE011-E0EC-4EC3-A785-4891CFCB6AD9}"
EndProject
Project("{9A19103F-16F7-4668-BE54-9A1E7A4F7556}") = "CommisionApp", "CommisionApp\CommisionApp.csproj", "{A3A51111-2741-477B-968C-C523DD4316DB}"
EndProject
Project("{9A19103F-16F7-4668-BE54-9A1E7A4F7556}") = "VoterApp", "VoterApp\VoterApp.csproj", "{DAF48DAF-F93A-4A6F-9CD4-644CE255E1BC}"
EndProject
Project("{9A19103F-16F7-4668-BE54-9A1E7A4F7556}") = "ElectionsApiModels", "ElectionsApiModels\ElectionsApiModels.csproj", "{CE4D306B-BB2A-44D7-A754-9D77DA98E1AE}"
EndProject
Global
	GlobalSection(SolutionConfigurationPlatforms) = preSolution
		Debug|Any CPU = Debug|Any CPU
		Release|Any CPU = Release|Any CPU
	EndGlobalSection
	GlobalSection(ProjectConfigurationPlatforms) = postSolution
		{D38BE011-E0EC-4EC3-A785-4891CFCB6AD9}.Debug|Any CPU.ActiveCfg = Debug|Any CPU
		{D38BE011-E0EC-4EC3-A785-4891CFCB6AD9}.Debug|Any CPU.Build.0 = Debug|Any CPU
		{D38BE011-E0EC-4EC3-A785-4891CFCB6AD9}.Release|Any CPU.ActiveCfg = Release|Any CPU
		{D38BE011-E0EC-4EC3-A785-4891CFCB6AD9}.Release|Any CPU.Build.0 = Release|Any CPU
		{A3A51111-2741-477B-968C-C523DD4316DB}.Debug|Any CPU.ActiveCfg = Debug|Any CPU
		{A3A51111-2741-477B-968C-C523DD4316DB}.Debug|Any CPU.Build.0 = Debug|Any CPU
		{A3A51111-2741-477B-968C-C523DD4316DB}.Release|Any CPU.ActiveCfg = Release|Any CPU
		{A3A51111-2741-477B-968C-C523DD4316DB}.Release|Any CPU.Build.0 = Release|Any CPU
		{DAF48DAF-F93A-4A6F-9CD4-644CE255E1BC}.Debug|Any CPU.ActiveCfg = Debug|Any CPU
		{DAF48DAF-F93A-4A6F-9CD4-644CE255E1BC}.Debug|Any CPU.Build.0 = Debug|Any CPU
		{DAF48DAF-F93A-4A6F-9CD4-644CE255E1BC}.Release|Any CPU.ActiveCfg = Release|Any CPU
		{DAF48DAF-F93A-4A6F-9CD4-644CE255E1BC}.Release|Any CPU.Build.0 = Release|Any CPU
		{CE4D306B-BB2A-44D7-A754-9D77DA98E1AE}.Debug|Any CPU.ActiveCfg = Debug|Any CPU
		{CE4D306B-BB2A-44D7-A754-9D77DA98E1AE}.Debug|Any CPU.Build.0 = Debug|Any CPU
		{CE4D306B-BB2A-44D7-A754-9D77DA98E1AE}.Release|Any CPU.ActiveCfg = Release|Any CPU
		{CE4D306B-BB2A-44D7-A754-9D77DA98E1AE}.Release|Any CPU.Build.0 = Release|Any CPU
	EndGlobalSection
	GlobalSection(SolutionProperties) = preSolution
		HideSolutionNode = FALSE
	EndGlobalSection
	GlobalSection(ExtensibilityGlobals) = postSolution
		SolutionGuid = {FD24463D-F40C-48AB-B6A1-71C7FB548F13}
	EndGlobalSection
EndGlobal
